
Microsoft Visual Studio Solution File, Format Version 12.00
# Visual Studio 15
VisualStudioVersion = 15.0.27703.2018
MinimumVisualStudioVersion = 10.0.40219.1
Project("{6989167D-11E4-40FE-8C1A-2192A86A7E90}") = "Graph", "FortranProjects\Graph\Graph.vfproj", "{5BD459B6-596C-4000-BD5F-18BDF17DC9D2}"
EndProject
Project("{888888A0-9F3D-457C-B088-3A5042F75D52}") = "servers", "PythonProjects\servers\servers.pyproj", "{B4D1D0F3-90EF-4849-9DBB-F7F4A5EF24F3}"
EndProject
Project("{888888A0-9F3D-457C-B088-3A5042F75D52}") = "p2", "PythonProjects\p2\p2.pyproj", "{5D6917E2-C4E3-4CCF-9B4F-4FBDC0A9FC3B}"
EndProject
Project("{888888A0-9F3D-457C-B088-3A5042F75D52}") = "p1", "PythonProjects\p1\p1.pyproj", "{080E9BD4-8223-4712-A6A9-AB30AE57F529}"
EndProject
Global
	GlobalSection(SolutionConfigurationPlatforms) = preSolution
		Debug|Any CPU = Debug|Any CPU
		Debug|x86 = Debug|x86
		Release|Any CPU = Release|Any CPU
		Release|x86 = Release|x86
	EndGlobalSection
	GlobalSection(ProjectConfigurationPlatforms) = postSolution
		{5BD459B6-596C-4000-BD5F-18BDF17DC9D2}.Debug|Any CPU.ActiveCfg = Debug|Win32
		{5BD459B6-596C-4000-BD5F-18BDF17DC9D2}.Debug|x86.ActiveCfg = Debug|Win32
		{5BD459B6-596C-4000-BD5F-18BDF17DC9D2}.Debug|x86.Build.0 = Debug|Win32
		{5BD459B6-596C-4000-BD5F-18BDF17DC9D2}.Release|Any CPU.ActiveCfg = Release|Win32
		{5BD459B6-596C-4000-BD5F-18BDF17DC9D2}.Release|x86.ActiveCfg = Release|Win32
		{5BD459B6-596C-4000-BD5F-18BDF17DC9D2}.Release|x86.Build.0 = Release|Win32
		{B4D1D0F3-90EF-4849-9DBB-F7F4A5EF24F3}.Debug|Any CPU.ActiveCfg = Debug|Any CPU
		{B4D1D0F3-90EF-4849-9DBB-F7F4A5EF24F3}.Debug|x86.ActiveCfg = Debug|Any CPU
		{B4D1D0F3-90EF-4849-9DBB-F7F4A5EF24F3}.Release|Any CPU.ActiveCfg = Release|Any CPU
		{B4D1D0F3-90EF-4849-9DBB-F7F4A5EF24F3}.Release|x86.ActiveCfg = Release|Any CPU
		{5D6917E2-C4E3-4CCF-9B4F-4FBDC0A9FC3B}.Debug|Any CPU.ActiveCfg = Debug|Any CPU
		{5D6917E2-C4E3-4CCF-9B4F-4FBDC0A9FC3B}.Debug|x86.ActiveCfg = Debug|Any CPU
		{5D6917E2-C4E3-4CCF-9B4F-4FBDC0A9FC3B}.Release|Any CPU.ActiveCfg = Release|Any CPU
		{5D6917E2-C4E3-4CCF-9B4F-4FBDC0A9FC3B}.Release|x86.ActiveCfg = Release|Any CPU
		{080E9BD4-8223-4712-A6A9-AB30AE57F529}.Debug|Any CPU.ActiveCfg = Debug|Any CPU
		{080E9BD4-8223-4712-A6A9-AB30AE57F529}.Debug|x86.ActiveCfg = Debug|Any CPU
		{080E9BD4-8223-4712-A6A9-AB30AE57F529}.Release|Any CPU.ActiveCfg = Release|Any CPU
		{080E9BD4-8223-4712-A6A9-AB30AE57F529}.Release|x86.ActiveCfg = Release|Any CPU
	EndGlobalSection
	GlobalSection(SolutionProperties) = preSolution
		HideSolutionNode = FALSE
	EndGlobalSection
	GlobalSection(ExtensibilityGlobals) = postSolution
		SolutionGuid = {6BFE978C-4B9A-4811-A577-1E37A8FCA687}
	EndGlobalSection
EndGlobal
