
Microsoft Visual Studio Solution File, Format Version 12.00
# Visual Studio Version 16
VisualStudioVersion = 16.0.31727.386
MinimumVisualStudioVersion = 10.0.40219.1
Project("{8BC9CEB8-8B4A-11D0-8D11-00A0C91BC942}") = "HelloWorld", "ArduinoProjects\HelloWorld\HelloWorld.vcxproj", "{C5F80730-F44F-4478-BDAE-6634EFC2CA88}"
EndProject
Project("{E24C65DC-7377-472B-9ABA-BC803B73C61A}") = "myWebSite", "WebProjects\myWebSite\", "{A0148D1A-14E7-431F-A50B-13190998AF11}"
	ProjectSection(WebsiteProperties) = preProject
		TargetFrameworkMoniker = ".NETFramework,Version%3Dv4.6.1"
		Debug.AspNetCompiler.VirtualPath = "/localhost_58090"
		Debug.AspNetCompiler.PhysicalPath = "WebProjects\myWebSite\"
		Debug.AspNetCompiler.TargetPath = "PrecompiledWeb\localhost_58090\"
		Debug.AspNetCompiler.Updateable = "true"
		Debug.AspNetCompiler.ForceOverwrite = "true"
		Debug.AspNetCompiler.FixedNames = "false"
		Debug.AspNetCompiler.Debug = "True"
		Release.AspNetCompiler.VirtualPath = "/localhost_58090"
		Release.AspNetCompiler.PhysicalPath = "WebProjects\myWebSite\"
		Release.AspNetCompiler.TargetPath = "PrecompiledWeb\localhost_58090\"
		Release.AspNetCompiler.Updateable = "true"
		Release.AspNetCompiler.ForceOverwrite = "true"
		Release.AspNetCompiler.FixedNames = "false"
		Release.AspNetCompiler.Debug = "False"
		VWDPort = "58090"
		SlnRelativePath = "WebProjects\myWebSite\"
	EndProjectSection
EndProject
Project("{888888A0-9F3D-457C-B088-3A5042F75D52}") = "MainPythonGraph", "MainPythonGraph\MainPythonGraph.pyproj", "{F6B7F133-87F3-4309-AEE8-DFFF9B3CCB8E}"
EndProject
Project("{6989167D-11E4-40FE-8C1A-2192A86A7E90}") = "MainFortran", "MainFortran\MainFortran.vfproj", "{3A79261E-BE35-4FB2-B010-6091477E4A9C}"
EndProject
Project("{2150E333-8FDC-42A3-9474-1A3956D46DE8}") = "Solution Items", "Solution Items", "{389F22A0-5D45-4E62-B173-2708B774B726}"
	ProjectSection(SolutionItems) = preProject
		.gitignore = .gitignore
	EndProjectSection
EndProject
Global
	GlobalSection(SolutionConfigurationPlatforms) = preSolution
		Debug|Any CPU = Debug|Any CPU
		Debug|x64 = Debug|x64
		Debug|x86 = Debug|x86
		Release|Any CPU = Release|Any CPU
		Release|x64 = Release|x64
		Release|x86 = Release|x86
	EndGlobalSection
	GlobalSection(ProjectConfigurationPlatforms) = postSolution
		{C5F80730-F44F-4478-BDAE-6634EFC2CA88}.Debug|Any CPU.ActiveCfg = Debug|Win32
		{C5F80730-F44F-4478-BDAE-6634EFC2CA88}.Debug|x64.ActiveCfg = Debug|Win32
		{C5F80730-F44F-4478-BDAE-6634EFC2CA88}.Debug|x86.ActiveCfg = Debug|Win32
		{C5F80730-F44F-4478-BDAE-6634EFC2CA88}.Debug|x86.Build.0 = Debug|Win32
		{C5F80730-F44F-4478-BDAE-6634EFC2CA88}.Release|Any CPU.ActiveCfg = Release|Win32
		{C5F80730-F44F-4478-BDAE-6634EFC2CA88}.Release|x64.ActiveCfg = Release|Win32
		{C5F80730-F44F-4478-BDAE-6634EFC2CA88}.Release|x86.ActiveCfg = Release|Win32
		{C5F80730-F44F-4478-BDAE-6634EFC2CA88}.Release|x86.Build.0 = Release|Win32
		{A0148D1A-14E7-431F-A50B-13190998AF11}.Debug|Any CPU.ActiveCfg = Debug|Any CPU
		{A0148D1A-14E7-431F-A50B-13190998AF11}.Debug|Any CPU.Build.0 = Debug|Any CPU
		{A0148D1A-14E7-431F-A50B-13190998AF11}.Debug|x64.ActiveCfg = Debug|Any CPU
		{A0148D1A-14E7-431F-A50B-13190998AF11}.Debug|x64.Build.0 = Debug|Any CPU
		{A0148D1A-14E7-431F-A50B-13190998AF11}.Debug|x86.ActiveCfg = Debug|Any CPU
		{A0148D1A-14E7-431F-A50B-13190998AF11}.Debug|x86.Build.0 = Debug|Any CPU
		{A0148D1A-14E7-431F-A50B-13190998AF11}.Release|Any CPU.ActiveCfg = Debug|Any CPU
		{A0148D1A-14E7-431F-A50B-13190998AF11}.Release|Any CPU.Build.0 = Debug|Any CPU
		{A0148D1A-14E7-431F-A50B-13190998AF11}.Release|x64.ActiveCfg = Debug|Any CPU
		{A0148D1A-14E7-431F-A50B-13190998AF11}.Release|x64.Build.0 = Debug|Any CPU
		{A0148D1A-14E7-431F-A50B-13190998AF11}.Release|x86.ActiveCfg = Debug|Any CPU
		{A0148D1A-14E7-431F-A50B-13190998AF11}.Release|x86.Build.0 = Debug|Any CPU
		{F6B7F133-87F3-4309-AEE8-DFFF9B3CCB8E}.Debug|Any CPU.ActiveCfg = Debug|Any CPU
		{F6B7F133-87F3-4309-AEE8-DFFF9B3CCB8E}.Debug|x64.ActiveCfg = Debug|Any CPU
		{F6B7F133-87F3-4309-AEE8-DFFF9B3CCB8E}.Debug|x86.ActiveCfg = Debug|Any CPU
		{F6B7F133-87F3-4309-AEE8-DFFF9B3CCB8E}.Release|Any CPU.ActiveCfg = Release|Any CPU
		{F6B7F133-87F3-4309-AEE8-DFFF9B3CCB8E}.Release|x64.ActiveCfg = Release|Any CPU
		{F6B7F133-87F3-4309-AEE8-DFFF9B3CCB8E}.Release|x86.ActiveCfg = Release|Any CPU
		{3A79261E-BE35-4FB2-B010-6091477E4A9C}.Debug|Any CPU.ActiveCfg = Debug|Win32
		{3A79261E-BE35-4FB2-B010-6091477E4A9C}.Debug|x64.ActiveCfg = Debug|x64
		{3A79261E-BE35-4FB2-B010-6091477E4A9C}.Debug|x64.Build.0 = Debug|x64
		{3A79261E-BE35-4FB2-B010-6091477E4A9C}.Debug|x86.ActiveCfg = Debug|Win32
		{3A79261E-BE35-4FB2-B010-6091477E4A9C}.Debug|x86.Build.0 = Debug|Win32
		{3A79261E-BE35-4FB2-B010-6091477E4A9C}.Release|Any CPU.ActiveCfg = Release|Win32
		{3A79261E-BE35-4FB2-B010-6091477E4A9C}.Release|x64.ActiveCfg = Release|x64
		{3A79261E-BE35-4FB2-B010-6091477E4A9C}.Release|x64.Build.0 = Release|x64
		{3A79261E-BE35-4FB2-B010-6091477E4A9C}.Release|x86.ActiveCfg = Release|Win32
		{3A79261E-BE35-4FB2-B010-6091477E4A9C}.Release|x86.Build.0 = Release|Win32
	EndGlobalSection
	GlobalSection(SolutionProperties) = preSolution
		HideSolutionNode = FALSE
	EndGlobalSection
	GlobalSection(ExtensibilityGlobals) = postSolution
		SolutionGuid = {6BFE978C-4B9A-4811-A577-1E37A8FCA687}
	EndGlobalSection
EndGlobal
