
Microsoft Visual Studio Solution File, Format Version 12.00
# Visual Studio 15
VisualStudioVersion = 15.0.27703.2018
MinimumVisualStudioVersion = 10.0.40219.1
Project("{888888A0-9F3D-457C-B088-3A5042F75D52}") = "servers", ".\servers\servers.pyproj", "{B4D1D0F3-90EF-4849-9DBB-F7F4A5EF24F3}"
EndProject
Project("{888888A0-9F3D-457C-B088-3A5042F75D52}") = "p1", ".\p1\p1.pyproj", "{080E9BD4-8223-4712-A6A9-AB30AE57F529}"
EndProject
Project("{888888A0-9F3D-457C-B088-3A5042F75D52}") = "p2", ".\p2\p2.pyproj", "{5D6917E2-C4E3-4CCF-9B4F-4FBDC0A9FC3B}"
EndProject
Project("{888888A0-9F3D-457C-B088-3A5042F75D52}") = "emails", ".\emails\emails.pyproj", "{9FBCC4CC-8C34-4236-BE02-E8C64ABCF28A}"
EndProject
Global
	GlobalSection(SolutionConfigurationPlatforms) = preSolution
		Debug|Any CPU = Debug|Any CPU
		Release|Any CPU = Release|Any CPU
	EndGlobalSection
	GlobalSection(ProjectConfigurationPlatforms) = postSolution
		{B4D1D0F3-90EF-4849-9DBB-F7F4A5EF24F3}.Debug|Any CPU.ActiveCfg = Debug|Any CPU
		{B4D1D0F3-90EF-4849-9DBB-F7F4A5EF24F3}.Release|Any CPU.ActiveCfg = Release|Any CPU
		{080E9BD4-8223-4712-A6A9-AB30AE57F529}.Debug|Any CPU.ActiveCfg = Debug|Any CPU
		{080E9BD4-8223-4712-A6A9-AB30AE57F529}.Release|Any CPU.ActiveCfg = Release|Any CPU
		{5D6917E2-C4E3-4CCF-9B4F-4FBDC0A9FC3B}.Debug|Any CPU.ActiveCfg = Debug|Any CPU
		{5D6917E2-C4E3-4CCF-9B4F-4FBDC0A9FC3B}.Release|Any CPU.ActiveCfg = Release|Any CPU
		{9FBCC4CC-8C34-4236-BE02-E8C64ABCF28A}.Debug|Any CPU.ActiveCfg = Debug|Any CPU
		{9FBCC4CC-8C34-4236-BE02-E8C64ABCF28A}.Release|Any CPU.ActiveCfg = Release|Any CPU
	EndGlobalSection
	GlobalSection(SolutionProperties) = preSolution
		HideSolutionNode = FALSE
	EndGlobalSection
	GlobalSection(ExtensibilityGlobals) = postSolution
		SolutionGuid = {960C7C20-6728-4F80-B9DE-AF8CAC9EEBA8}
	EndGlobalSection
EndGlobal
