
Microsoft Visual Studio Solution File, Format Version 12.00
# Visual Studio 15
VisualStudioVersion = 15.0.28307.645
MinimumVisualStudioVersion = 10.0.40219.1
Project("{E24C65DC-7377-472B-9ABA-BC803B73C61A}") = "myWebSite", "myWebSite\", "{A0148D1A-14E7-431F-A50B-13190998AF11}"
	ProjectSection(WebsiteProperties) = preProject
		TargetFrameworkMoniker = ".NETFramework,Version%3Dv4.6.1"
		Debug.AspNetCompiler.VirtualPath = "/localhost_58090"
		Debug.AspNetCompiler.PhysicalPath = "myWebSite\"
		Debug.AspNetCompiler.TargetPath = "PrecompiledWeb\localhost_58090\"
		Debug.AspNetCompiler.Updateable = "true"
		Debug.AspNetCompiler.ForceOverwrite = "true"
		Debug.AspNetCompiler.FixedNames = "false"
		Debug.AspNetCompiler.Debug = "True"
		Release.AspNetCompiler.VirtualPath = "/localhost_58090"
		Release.AspNetCompiler.PhysicalPath = "myWebSite\"
		Release.AspNetCompiler.TargetPath = "PrecompiledWeb\localhost_58090\"
		Release.AspNetCompiler.Updateable = "true"
		Release.AspNetCompiler.ForceOverwrite = "true"
		Release.AspNetCompiler.FixedNames = "false"
		Release.AspNetCompiler.Debug = "False"
		VWDPort = "58090"
		SlnRelativePath = "myWebSite\"
		DefaultWebSiteLanguage = "Visual C#"
	EndProjectSection
EndProject
Global
	GlobalSection(SolutionConfigurationPlatforms) = preSolution
		Debug|Any CPU = Debug|Any CPU
	EndGlobalSection
	GlobalSection(ProjectConfigurationPlatforms) = postSolution
		{A0148D1A-14E7-431F-A50B-13190998AF11}.Debug|Any CPU.ActiveCfg = Debug|Any CPU
		{A0148D1A-14E7-431F-A50B-13190998AF11}.Debug|Any CPU.Build.0 = Debug|Any CPU
	EndGlobalSection
	GlobalSection(SolutionProperties) = preSolution
		HideSolutionNode = FALSE
	EndGlobalSection
	GlobalSection(ExtensibilityGlobals) = postSolution
		SolutionGuid = {06A1408A-BDC4-43F6-8825-A32D6382FA20}
	EndGlobalSection
EndGlobal
